// !$*UTF8*$!
{
	archiveVersion = 1;
	classes = {
	};
	objectVersion = 56;
	objects = {

/* Begin PBXBuildFile section */
		B522D52A2A7FD381000064D5 /* AppDelegate.swift in Sources */ = {isa = PBXBuildFile; fileRef = B522D5292A7FD381000064D5 /* AppDelegate.swift */; };
		B522D52C2A7FD381000064D5 /* SceneDelegate.swift in Sources */ = {isa = PBXBuildFile; fileRef = B522D52B2A7FD381000064D5 /* SceneDelegate.swift */; };
		B522D5332A7FD382000064D5 /* Assets.xcassets in Resources */ = {isa = PBXBuildFile; fileRef = B522D5322A7FD382000064D5 /* Assets.xcassets */; };
		B522D5362A7FD382000064D5 /* LaunchScreen.storyboard in Resources */ = {isa = PBXBuildFile; fileRef = B522D5342A7FD382000064D5 /* LaunchScreen.storyboard */; };
		B522D55B2A7FD4DC000064D5 /* CoordinatorProtocol.swift in Sources */ = {isa = PBXBuildFile; fileRef = B522D55A2A7FD4DC000064D5 /* CoordinatorProtocol.swift */; };
		B522D55D2A7FD52D000064D5 /* AppContext.swift in Sources */ = {isa = PBXBuildFile; fileRef = B522D55C2A7FD52D000064D5 /* AppContext.swift */; };
		B522D55F2A7FD549000064D5 /* AppCoordinator.swift in Sources */ = {isa = PBXBuildFile; fileRef = B522D55E2A7FD549000064D5 /* AppCoordinator.swift */; };
		B522D5612A7FD566000064D5 /* FilmsCoordinator.swift in Sources */ = {isa = PBXBuildFile; fileRef = B522D5602A7FD566000064D5 /* FilmsCoordinator.swift */; };
		B522D5652A7FD6C0000064D5 /* FilmDTO.swift in Sources */ = {isa = PBXBuildFile; fileRef = B522D5642A7FD6C0000064D5 /* FilmDTO.swift */; };
		B522D5672A7FD6C7000064D5 /* FilmListResponse.swift in Sources */ = {isa = PBXBuildFile; fileRef = B522D5662A7FD6C7000064D5 /* FilmListResponse.swift */; };
		B522D5692A7FD6CD000064D5 /* PeopleDTO.swift in Sources */ = {isa = PBXBuildFile; fileRef = B522D5682A7FD6CD000064D5 /* PeopleDTO.swift */; };
		B522D56B2A7FD6F6000064D5 /* StarWarsAPIEndpoint.swift in Sources */ = {isa = PBXBuildFile; fileRef = B522D56A2A7FD6F6000064D5 /* StarWarsAPIEndpoint.swift */; };
		B522D56D2A7FD707000064D5 /* StarWarsAPIClient.swift in Sources */ = {isa = PBXBuildFile; fileRef = B522D56C2A7FD707000064D5 /* StarWarsAPIClient.swift */; };
		B522D5742A7FDD63000064D5 /* StarWarsService.swift in Sources */ = {isa = PBXBuildFile; fileRef = B522D5732A7FDD63000064D5 /* StarWarsService.swift */; };
		B522D5772A7FDD79000064D5 /* Film.swift in Sources */ = {isa = PBXBuildFile; fileRef = B522D5762A7FDD79000064D5 /* Film.swift */; };
		B522D5792A7FDD89000064D5 /* People.swift in Sources */ = {isa = PBXBuildFile; fileRef = B522D5782A7FDD89000064D5 /* People.swift */; };
		B522D57B2A7FDDF9000064D5 /* DTO+Fake.swift in Sources */ = {isa = PBXBuildFile; fileRef = B522D57A2A7FDDF9000064D5 /* DTO+Fake.swift */; };
		B522D57E2A7FDE12000064D5 /* StubStarWarsAPIClient.swift in Sources */ = {isa = PBXBuildFile; fileRef = B522D57D2A7FDE12000064D5 /* StubStarWarsAPIClient.swift */; };
		B522D5812A7FDE2B000064D5 /* StarWarsServiceTests.swift in Sources */ = {isa = PBXBuildFile; fileRef = B522D5802A7FDE2B000064D5 /* StarWarsServiceTests.swift */; };
		B522D5852A7FE6B2000064D5 /* FilmListViewModel.swift in Sources */ = {isa = PBXBuildFile; fileRef = B522D5842A7FE6B2000064D5 /* FilmListViewModel.swift */; };
		B522D5882A7FE6DE000064D5 /* ListViewRepresentation.swift in Sources */ = {isa = PBXBuildFile; fileRef = B522D5872A7FE6DE000064D5 /* ListViewRepresentation.swift */; };
		B522D58A2A7FE702000064D5 /* ListCollectionViewDataSource.swift in Sources */ = {isa = PBXBuildFile; fileRef = B522D5892A7FE702000064D5 /* ListCollectionViewDataSource.swift */; };
		B522D58C2A7FE723000064D5 /* ListViewModelVariables.swift in Sources */ = {isa = PBXBuildFile; fileRef = B522D58B2A7FE723000064D5 /* ListViewModelVariables.swift */; };
		B5E4F9132A80181A004C118F /* Localizable.strings in Resources */ = {isa = PBXBuildFile; fileRef = B5E4F9152A80181A004C118F /* Localizable.strings */; };
		B5E4F9162A80181C004C118F /* Localizable.stringsdict in Resources */ = {isa = PBXBuildFile; fileRef = B5E4F9182A80181C004C118F /* Localizable.stringsdict */; };
		B522D5932A7FE8D4000064D5 /* Observable.swift in Sources */ = {isa = PBXBuildFile; fileRef = B522D5922A7FE8D4000064D5 /* Observable.swift */; };
		B522D5962A7FE919000064D5 /* FilmListViewModelTests.swift in Sources */ = {isa = PBXBuildFile; fileRef = B522D5952A7FE919000064D5 /* FilmListViewModelTests.swift */; };
		B522D5992A7FE931000064D5 /* MockFilmListViewModelDelegate.swift in Sources */ = {isa = PBXBuildFile; fileRef = B522D5982A7FE931000064D5 /* MockFilmListViewModelDelegate.swift */; };
		B522D59B2A7FE946000064D5 /* StubStarWarsService.swift in Sources */ = {isa = PBXBuildFile; fileRef = B522D59A2A7FE946000064D5 /* StubStarWarsService.swift */; };
		B522D59D2A7FE95B000064D5 /* Model+Fake.swift in Sources */ = {isa = PBXBuildFile; fileRef = B522D59C2A7FE95B000064D5 /* Model+Fake.swift */; };
		B522D59F2A7FF000000064D5 /* CharacterListViewModel.swift in Sources */ = {isa = PBXBuildFile; fileRef = B522D59E2A7FF000000064D5 /* CharacterListViewModel.swift */; };
		B522D5A12A7FF05C000064D5 /* CharacterListViewModelTests.swift in Sources */ = {isa = PBXBuildFile; fileRef = B522D5A02A7FF05C000064D5 /* CharacterListViewModelTests.swift */; };
/* End PBXBuildFile section */

/* Begin PBXContainerItemProxy section */
		B522D53D2A7FD382000064D5 /* PBXContainerItemProxy */ = {
			isa = PBXContainerItemProxy;
			containerPortal = B522D51E2A7FD381000064D5 /* Project object */;
			proxyType = 1;
			remoteGlobalIDString = B522D5252A7FD381000064D5;
			remoteInfo = StarWars;
		};
/* End PBXContainerItemProxy section */

/* Begin PBXFileReference section */
		B522D5262A7FD381000064D5 /* StarWars.app */ = {isa = PBXFileReference; explicitFileType = wrapper.application; includeInIndex = 0; path = StarWars.app; sourceTree = BUILT_PRODUCTS_DIR; };
		B522D5292A7FD381000064D5 /* AppDelegate.swift */ = {isa = PBXFileReference; lastKnownFileType = sourcecode.swift; path = AppDelegate.swift; sourceTree = "<group>"; };
		B522D52B2A7FD381000064D5 /* SceneDelegate.swift */ = {isa = PBXFileReference; lastKnownFileType = sourcecode.swift; path = SceneDelegate.swift; sourceTree = "<group>"; };
		B522D5322A7FD382000064D5 /* Assets.xcassets */ = {isa = PBXFileReference; lastKnownFileType = folder.assetcatalog; path = Assets.xcassets; sourceTree = "<group>"; };
		B522D5352A7FD382000064D5 /* Base */ = {isa = PBXFileReference; lastKnownFileType = file.storyboard; name = Base; path = Base.lproj/LaunchScreen.storyboard; sourceTree = "<group>"; };
		B522D5372A7FD382000064D5 /* Info.plist */ = {isa = PBXFileReference; lastKnownFileType = text.plist.xml; path = Info.plist; sourceTree = "<group>"; };
		B522D53C2A7FD382000064D5 /* StarWarsTests.xctest */ = {isa = PBXFileReference; explicitFileType = wrapper.cfbundle; includeInIndex = 0; path = StarWarsTests.xctest; sourceTree = BUILT_PRODUCTS_DIR; };
		B522D55A2A7FD4DC000064D5 /* CoordinatorProtocol.swift */ = {isa = PBXFileReference; lastKnownFileType = sourcecode.swift; path = CoordinatorProtocol.swift; sourceTree = "<group>"; };
		B522D55C2A7FD52D000064D5 /* AppContext.swift */ = {isa = PBXFileReference; lastKnownFileType = sourcecode.swift; path = AppContext.swift; sourceTree = "<group>"; };
		B522D55E2A7FD549000064D5 /* AppCoordinator.swift */ = {isa = PBXFileReference; lastKnownFileType = sourcecode.swift; path = AppCoordinator.swift; sourceTree = "<group>"; };
		B522D5602A7FD566000064D5 /* FilmsCoordinator.swift */ = {isa = PBXFileReference; lastKnownFileType = sourcecode.swift; path = FilmsCoordinator.swift; sourceTree = "<group>"; };
		B522D5642A7FD6C0000064D5 /* FilmDTO.swift */ = {isa = PBXFileReference; lastKnownFileType = sourcecode.swift; path = FilmDTO.swift; sourceTree = "<group>"; };
		B522D5662A7FD6C7000064D5 /* FilmListResponse.swift */ = {isa = PBXFileReference; lastKnownFileType = sourcecode.swift; path = FilmListResponse.swift; sourceTree = "<group>"; };
		B522D5682A7FD6CD000064D5 /* PeopleDTO.swift */ = {isa = PBXFileReference; lastKnownFileType = sourcecode.swift; path = PeopleDTO.swift; sourceTree = "<group>"; };
		B522D56A2A7FD6F6000064D5 /* StarWarsAPIEndpoint.swift */ = {isa = PBXFileReference; lastKnownFileType = sourcecode.swift; path = StarWarsAPIEndpoint.swift; sourceTree = "<group>"; };
		B522D56C2A7FD707000064D5 /* StarWarsAPIClient.swift */ = {isa = PBXFileReference; lastKnownFileType = sourcecode.swift; path = StarWarsAPIClient.swift; sourceTree = "<group>"; };
		B522D5732A7FDD63000064D5 /* StarWarsService.swift */ = {isa = PBXFileReference; lastKnownFileType = sourcecode.swift; path = StarWarsService.swift; sourceTree = "<group>"; };
		B522D5762A7FDD79000064D5 /* Film.swift */ = {isa = PBXFileReference; lastKnownFileType = sourcecode.swift; path = Film.swift; sourceTree = "<group>"; };
		B522D5782A7FDD89000064D5 /* People.swift */ = {isa = PBXFileReference; lastKnownFileType = sourcecode.swift; path = People.swift; sourceTree = "<group>"; };
		B522D57A2A7FDDF9000064D5 /* DTO+Fake.swift */ = {isa = PBXFileReference; lastKnownFileType = sourcecode.swift; path = "DTO+Fake.swift"; sourceTree = "<group>"; };
		B522D57D2A7FDE12000064D5 /* StubStarWarsAPIClient.swift */ = {isa = PBXFileReference; lastKnownFileType = sourcecode.swift; path = StubStarWarsAPIClient.swift; sourceTree = "<group>"; };
		B522D5802A7FDE2B000064D5 /* StarWarsServiceTests.swift */ = {isa = PBXFileReference; lastKnownFileType = sourcecode.swift; path = StarWarsServiceTests.swift; sourceTree = "<group>"; };
		B522D5842A7FE6B2000064D5 /* FilmListViewModel.swift */ = {isa = PBXFileReference; lastKnownFileType = sourcecode.swift; path = FilmListViewModel.swift; sourceTree = "<group>"; };
		B522D5872A7FE6DE000064D5 /* ListViewRepresentation.swift */ = {isa = PBXFileReference; lastKnownFileType = sourcecode.swift; path = ListViewRepresentation.swift; sourceTree = "<group>"; };
		B522D5892A7FE702000064D5 /* ListCollectionViewDataSource.swift */ = {isa = PBXFileReference; lastKnownFileType = sourcecode.swift; path = ListCollectionViewDataSource.swift; sourceTree = "<group>"; };
		B522D58B2A7FE723000064D5 /* ListViewModelVariables.swift */ = {isa = PBXFileReference; lastKnownFileType = sourcecode.swift; path = ListViewModelVariables.swift; sourceTree = "<group>"; };
		B5E4F9142A80181A004C118F /* en */ = {isa = PBXFileReference; lastKnownFileType = text.plist.strings; name = en; path = en.lproj/Localizable.strings; sourceTree = "<group>"; };
		B5E4F9172A80181C004C118F /* en */ = {isa = PBXFileReference; lastKnownFileType = text.plist.stringsdict; name = en; path = en.lproj/Localizable.stringsdict; sourceTree = "<group>"; };
		B522D5922A7FE8D4000064D5 /* Observable.swift */ = {isa = PBXFileReference; lastKnownFileType = sourcecode.swift; path = Observable.swift; sourceTree = "<group>"; };
		B522D5952A7FE919000064D5 /* FilmListViewModelTests.swift */ = {isa = PBXFileReference; lastKnownFileType = sourcecode.swift; path = FilmListViewModelTests.swift; sourceTree = "<group>"; };
		B522D5982A7FE931000064D5 /* MockFilmListViewModelDelegate.swift */ = {isa = PBXFileReference; lastKnownFileType = sourcecode.swift; path = MockFilmListViewModelDelegate.swift; sourceTree = "<group>"; };
		B522D59A2A7FE946000064D5 /* StubStarWarsService.swift */ = {isa = PBXFileReference; lastKnownFileType = sourcecode.swift; path = StubStarWarsService.swift; sourceTree = "<group>"; };
		B522D59C2A7FE95B000064D5 /* Model+Fake.swift */ = {isa = PBXFileReference; lastKnownFileType = sourcecode.swift; path = "Model+Fake.swift"; sourceTree = "<group>"; };
		B522D59E2A7FF000000064D5 /* CharacterListViewModel.swift */ = {isa = PBXFileReference; lastKnownFileType = sourcecode.swift; path = CharacterListViewModel.swift; sourceTree = "<group>"; };
		B522D5A02A7FF05C000064D5 /* CharacterListViewModelTests.swift */ = {isa = PBXFileReference; lastKnownFileType = sourcecode.swift; path = CharacterListViewModelTests.swift; sourceTree = "<group>"; };
/* End PBXFileReference section */

/* Begin PBXFrameworksBuildPhase section */
		B522D5232A7FD381000064D5 /* Frameworks */ = {
			isa = PBXFrameworksBuildPhase;
			buildActionMask = 2147483647;
			files = (
			);
			runOnlyForDeploymentPostprocessing = 0;
		};
		B522D5392A7FD382000064D5 /* Frameworks */ = {
			isa = PBXFrameworksBuildPhase;
			buildActionMask = 2147483647;
			files = (
			);
			runOnlyForDeploymentPostprocessing = 0;
		};
/* End PBXFrameworksBuildPhase section */

/* Begin PBXGroup section */
		B522D51D2A7FD381000064D5 = {
			isa = PBXGroup;
			children = (
				B522D5272A7FD381000064D5 /* Products */,
				B522D5282A7FD381000064D5 /* StarWars */,
				B522D53F2A7FD382000064D5 /* StarWarsTests */,
			);
			sourceTree = "<group>";
		};
		B522D5272A7FD381000064D5 /* Products */ = {
			isa = PBXGroup;
			children = (
				B522D5262A7FD381000064D5 /* StarWars.app */,
				B522D53C2A7FD382000064D5 /* StarWarsTests.xctest */,
			);
			name = Products;
			sourceTree = "<group>";
		};
		B522D5282A7FD381000064D5 /* StarWars */ = {
			isa = PBXGroup;
			children = (
				B522D5622A7FD63A000064D5 /* API */,
				B522D5592A7FD4CE000064D5 /* Coordinator */,
				B522D5912A7FE8C5000064D5 /* Helper */,
				B522D5822A7FE694000064D5 /* ListView */,
				B522D5722A7FDD57000064D5 /* Service */,
				B522D5292A7FD381000064D5 /* AppDelegate.swift */,
				B522D5322A7FD382000064D5 /* Assets.xcassets */,
				B522D5372A7FD382000064D5 /* Info.plist */,
				B522D5342A7FD382000064D5 /* LaunchScreen.storyboard */,
				B5E4F9152A80181A004C118F /* Localizable.strings */,
				B5E4F9182A80181C004C118F /* Localizable.stringsdict */,
				B522D52B2A7FD381000064D5 /* SceneDelegate.swift */,
			);
			path = StarWars;
			sourceTree = "<group>";
		};
		B522D53F2A7FD382000064D5 /* StarWarsTests */ = {
			isa = PBXGroup;
			children = (
				B522D56E2A7FD723000064D5 /* Helper */,
				B522D57F2A7FDE24000064D5 /* Service */,
				B522D5942A7FE914000064D5 /* ViewModel */,
			);
			path = StarWarsTests;
			sourceTree = "<group>";
		};
		B522D5592A7FD4CE000064D5 /* Coordinator */ = {
			isa = PBXGroup;
			children = (
				B522D55C2A7FD52D000064D5 /* AppContext.swift */,
				B522D55E2A7FD549000064D5 /* AppCoordinator.swift */,
				B522D55A2A7FD4DC000064D5 /* CoordinatorProtocol.swift */,
				B522D5602A7FD566000064D5 /* FilmsCoordinator.swift */,
			);
			path = Coordinator;
			sourceTree = "<group>";
		};
		B522D5622A7FD63A000064D5 /* API */ = {
			isa = PBXGroup;
			children = (
				B522D5632A7FD6B4000064D5 /* DTO */,
				B522D56C2A7FD707000064D5 /* StarWarsAPIClient.swift */,
				B522D56A2A7FD6F6000064D5 /* StarWarsAPIEndpoint.swift */,
			);
			path = API;
			sourceTree = "<group>";
		};
		B522D5632A7FD6B4000064D5 /* DTO */ = {
			isa = PBXGroup;
			children = (
				B522D5642A7FD6C0000064D5 /* FilmDTO.swift */,
				B522D5662A7FD6C7000064D5 /* FilmListResponse.swift */,
				B522D5682A7FD6CD000064D5 /* PeopleDTO.swift */,
			);
			path = DTO;
			sourceTree = "<group>";
		};
		B522D56E2A7FD723000064D5 /* Helper */ = {
			isa = PBXGroup;
			children = (
				B522D56F2A7FD72A000064D5 /* Fake */,
				B522D5972A7FE92D000064D5 /* Mock */,
				B522D57C2A7FDE09000064D5 /* Stub */,
			);
			path = Helper;
			sourceTree = "<group>";
		};
		B522D56F2A7FD72A000064D5 /* Fake */ = {
			isa = PBXGroup;
			children = (
				B522D57A2A7FDDF9000064D5 /* DTO+Fake.swift */,
				B522D59C2A7FE95B000064D5 /* Model+Fake.swift */,
			);
			path = Fake;
			sourceTree = "<group>";
		};
		B522D5722A7FDD57000064D5 /* Service */ = {
			isa = PBXGroup;
			children = (
				B522D5752A7FDD74000064D5 /* Model */,
				B522D5732A7FDD63000064D5 /* StarWarsService.swift */,
			);
			path = Service;
			sourceTree = "<group>";
		};
		B522D5752A7FDD74000064D5 /* Model */ = {
			isa = PBXGroup;
			children = (
				B522D5762A7FDD79000064D5 /* Film.swift */,
				B522D5782A7FDD89000064D5 /* People.swift */,
			);
			path = Model;
			sourceTree = "<group>";
		};
		B522D57C2A7FDE09000064D5 /* Stub */ = {
			isa = PBXGroup;
			children = (
				B522D57D2A7FDE12000064D5 /* StubStarWarsAPIClient.swift */,
				B522D59A2A7FE946000064D5 /* StubStarWarsService.swift */,
			);
			path = Stub;
			sourceTree = "<group>";
		};
		B522D57F2A7FDE24000064D5 /* Service */ = {
			isa = PBXGroup;
			children = (
				B522D5802A7FDE2B000064D5 /* StarWarsServiceTests.swift */,
			);
			path = Service;
			sourceTree = "<group>";
		};
		B522D5822A7FE694000064D5 /* ListView */ = {
			isa = PBXGroup;
			children = (
				B522D5862A7FE6D8000064D5 /* DataSource */,
				B522D5832A7FE6AA000064D5 /* ViewModel */,
			);
			path = ListView;
			sourceTree = "<group>";
		};
		B522D5832A7FE6AA000064D5 /* ViewModel */ = {
			isa = PBXGroup;
			children = (
				B522D59E2A7FF000000064D5 /* CharacterListViewModel.swift */,
				B522D5842A7FE6B2000064D5 /* FilmListViewModel.swift */,
				B522D58B2A7FE723000064D5 /* ListViewModelVariables.swift */,
			);
			path = ViewModel;
			sourceTree = "<group>";
		};
		B522D5862A7FE6D8000064D5 /* DataSource */ = {
			isa = PBXGroup;
			children = (
				B522D5892A7FE702000064D5 /* ListCollectionViewDataSource.swift */,
				B522D5872A7FE6DE000064D5 /* ListViewRepresentation.swift */,
			);
			path = DataSource;
			sourceTree = "<group>";
		};
		B522D5912A7FE8C5000064D5 /* Helper */ = {
			isa = PBXGroup;
			children = (
				B522D5922A7FE8D4000064D5 /* Observable.swift */,
			);
			path = Helper;
			sourceTree = "<group>";
		};
		B522D5942A7FE914000064D5 /* ViewModel */ = {
			isa = PBXGroup;
			children = (
				B522D5A02A7FF05C000064D5 /* CharacterListViewModelTests.swift */,
				B522D5952A7FE919000064D5 /* FilmListViewModelTests.swift */,
			);
			path = ViewModel;
			sourceTree = "<group>";
		};
		B522D5972A7FE92D000064D5 /* Mock */ = {
			isa = PBXGroup;
			children = (
				B522D5982A7FE931000064D5 /* MockFilmListViewModelDelegate.swift */,
			);
			path = Mock;
			sourceTree = "<group>";
		};
/* End PBXGroup section */

/* Begin PBXNativeTarget section */
		B522D5252A7FD381000064D5 /* StarWars */ = {
			isa = PBXNativeTarget;
			buildConfigurationList = B522D5502A7FD382000064D5 /* Build configuration list for PBXNativeTarget "StarWars" */;
			buildPhases = (
				B522D5222A7FD381000064D5 /* Sources */,
				B522D5232A7FD381000064D5 /* Frameworks */,
				B522D5242A7FD381000064D5 /* Resources */,
			);
			buildRules = (
			);
			dependencies = (
			);
			name = StarWars;
			productName = StarWars;
			productReference = B522D5262A7FD381000064D5 /* StarWars.app */;
			productType = "com.apple.product-type.application";
		};
		B522D53B2A7FD382000064D5 /* StarWarsTests */ = {
			isa = PBXNativeTarget;
			buildConfigurationList = B522D5532A7FD382000064D5 /* Build configuration list for PBXNativeTarget "StarWarsTests" */;
			buildPhases = (
				B522D5382A7FD382000064D5 /* Sources */,
				B522D5392A7FD382000064D5 /* Frameworks */,
				B522D53A2A7FD382000064D5 /* Resources */,
			);
			buildRules = (
			);
			dependencies = (
				B522D53E2A7FD382000064D5 /* PBXTargetDependency */,
			);
			name = StarWarsTests;
			productName = StarWarsTests;
			productReference = B522D53C2A7FD382000064D5 /* StarWarsTests.xctest */;
			productType = "com.apple.product-type.bundle.unit-test";
		};
/* End PBXNativeTarget section */

/* Begin PBXProject section */
		B522D51E2A7FD381000064D5 /* Project object */ = {
			isa = PBXProject;
			attributes = {
				BuildIndependentTargetsInParallel = 1;
				LastSwiftUpdateCheck = 1430;
				LastUpgradeCheck = 1430;
				TargetAttributes = {
					B522D5252A7FD381000064D5 = {
						CreatedOnToolsVersion = 14.3.1;
					};
					B522D53B2A7FD382000064D5 = {
						CreatedOnToolsVersion = 14.3.1;
						LastSwiftMigration = 1430;
						TestTargetID = B522D5252A7FD381000064D5;
					};
				};
			};
			buildConfigurationList = B522D5212A7FD381000064D5 /* Build configuration list for PBXProject "StarWars" */;
			compatibilityVersion = "Xcode 14.0";
			developmentRegion = en;
			hasScannedForEncodings = 0;
			knownRegions = (
				en,
				Base,
			);
			mainGroup = B522D51D2A7FD381000064D5;
			productRefGroup = B522D5272A7FD381000064D5 /* Products */;
			projectDirPath = "";
			projectRoot = "";
			targets = (
				B522D5252A7FD381000064D5 /* StarWars */,
				B522D53B2A7FD382000064D5 /* StarWarsTests */,
			);
		};
/* End PBXProject section */

/* Begin PBXResourcesBuildPhase section */
		B522D5242A7FD381000064D5 /* Resources */ = {
			isa = PBXResourcesBuildPhase;
			buildActionMask = 2147483647;
			files = (
				B522D5332A7FD382000064D5 /* Assets.xcassets in Resources */,
				B522D5362A7FD382000064D5 /* LaunchScreen.storyboard in Resources */,
				B5E4F9132A80181A004C118F /* Localizable.strings in Resources */,
				B5E4F9162A80181C004C118F /* Localizable.stringsdict in Resources */,
			);
			runOnlyForDeploymentPostprocessing = 0;
		};
		B522D53A2A7FD382000064D5 /* Resources */ = {
			isa = PBXResourcesBuildPhase;
			buildActionMask = 2147483647;
			files = (
			);
			runOnlyForDeploymentPostprocessing = 0;
		};
/* End PBXResourcesBuildPhase section */

/* Begin PBXSourcesBuildPhase section */
		B522D5222A7FD381000064D5 /* Sources */ = {
			isa = PBXSourcesBuildPhase;
			buildActionMask = 2147483647;
			files = (
				B522D55D2A7FD52D000064D5 /* AppContext.swift in Sources */,
				B522D55F2A7FD549000064D5 /* AppCoordinator.swift in Sources */,
				B522D52A2A7FD381000064D5 /* AppDelegate.swift in Sources */,
				B522D59F2A7FF000000064D5 /* CharacterListViewModel.swift in Sources */,
				B522D55B2A7FD4DC000064D5 /* CoordinatorProtocol.swift in Sources */,
				B522D5772A7FDD79000064D5 /* Film.swift in Sources */,
				B522D5652A7FD6C0000064D5 /* FilmDTO.swift in Sources */,
				B522D5672A7FD6C7000064D5 /* FilmListResponse.swift in Sources */,
				B522D5852A7FE6B2000064D5 /* FilmListViewModel.swift in Sources */,
				B522D5612A7FD566000064D5 /* FilmsCoordinator.swift in Sources */,
				B522D58A2A7FE702000064D5 /* ListCollectionViewDataSource.swift in Sources */,
				B522D58C2A7FE723000064D5 /* ListViewModelVariables.swift in Sources */,
				B522D5882A7FE6DE000064D5 /* ListViewRepresentation.swift in Sources */,
				B522D5932A7FE8D4000064D5 /* Observable.swift in Sources */,
				B522D5792A7FDD89000064D5 /* People.swift in Sources */,
				B522D5692A7FD6CD000064D5 /* PeopleDTO.swift in Sources */,
				B522D52C2A7FD381000064D5 /* SceneDelegate.swift in Sources */,
				B522D56D2A7FD707000064D5 /* StarWarsAPIClient.swift in Sources */,
				B522D56B2A7FD6F6000064D5 /* StarWarsAPIEndpoint.swift in Sources */,
				B522D5742A7FDD63000064D5 /* StarWarsService.swift in Sources */,
			);
			runOnlyForDeploymentPostprocessing = 0;
		};
		B522D5382A7FD382000064D5 /* Sources */ = {
			isa = PBXSourcesBuildPhase;
			buildActionMask = 2147483647;
			files = (
				B522D5A12A7FF05C000064D5 /* CharacterListViewModelTests.swift in Sources */,
				B522D57B2A7FDDF9000064D5 /* DTO+Fake.swift in Sources */,
				B522D5962A7FE919000064D5 /* FilmListViewModelTests.swift in Sources */,
				B522D5992A7FE931000064D5 /* MockFilmListViewModelDelegate.swift in Sources */,
				B522D59D2A7FE95B000064D5 /* Model+Fake.swift in Sources */,
				B522D5812A7FDE2B000064D5 /* StarWarsServiceTests.swift in Sources */,
				B522D57E2A7FDE12000064D5 /* StubStarWarsAPIClient.swift in Sources */,
				B522D59B2A7FE946000064D5 /* StubStarWarsService.swift in Sources */,
			);
			runOnlyForDeploymentPostprocessing = 0;
		};
/* End PBXSourcesBuildPhase section */

/* Begin PBXTargetDependency section */
		B522D53E2A7FD382000064D5 /* PBXTargetDependency */ = {
			isa = PBXTargetDependency;
			target = B522D5252A7FD381000064D5 /* StarWars */;
			targetProxy = B522D53D2A7FD382000064D5 /* PBXContainerItemProxy */;
		};
/* End PBXTargetDependency section */

/* Begin PBXVariantGroup section */
		B522D5342A7FD382000064D5 /* LaunchScreen.storyboard */ = {
			isa = PBXVariantGroup;
			children = (
				B522D5352A7FD382000064D5 /* Base */,
			);
			name = LaunchScreen.storyboard;
			sourceTree = "<group>";
		};
		B5E4F9152A80181A004C118F /* Localizable.strings */ = {
			isa = PBXVariantGroup;
			children = (
				B5E4F9142A80181A004C118F /* en */,
			);
			name = Localizable.strings;
			sourceTree = "<group>";
		};
		B5E4F9182A80181C004C118F /* Localizable.stringsdict */ = {
			isa = PBXVariantGroup;
			children = (
				B5E4F9172A80181C004C118F /* en */,
			);
			name = Localizable.stringsdict;
			sourceTree = "<group>";
		};
/* End PBXVariantGroup section */

/* Begin XCBuildConfiguration section */
		B522D54E2A7FD382000064D5 /* Debug */ = {
			isa = XCBuildConfiguration;
			buildSettings = {
				ALWAYS_SEARCH_USER_PATHS = NO;
				CLANG_ANALYZER_NONNULL = YES;
				CLANG_ANALYZER_NUMBER_OBJECT_CONVERSION = YES_AGGRESSIVE;
				CLANG_CXX_LANGUAGE_STANDARD = "gnu++20";
				CLANG_ENABLE_MODULES = YES;
				CLANG_ENABLE_OBJC_ARC = YES;
				CLANG_ENABLE_OBJC_WEAK = YES;
				CLANG_WARN_BLOCK_CAPTURE_AUTORELEASING = YES;
				CLANG_WARN_BOOL_CONVERSION = YES;
				CLANG_WARN_COMMA = YES;
				CLANG_WARN_CONSTANT_CONVERSION = YES;
				CLANG_WARN_DEPRECATED_OBJC_IMPLEMENTATIONS = YES;
				CLANG_WARN_DIRECT_OBJC_ISA_USAGE = YES_ERROR;
				CLANG_WARN_DOCUMENTATION_COMMENTS = YES;
				CLANG_WARN_EMPTY_BODY = YES;
				CLANG_WARN_ENUM_CONVERSION = YES;
				CLANG_WARN_INFINITE_RECURSION = YES;
				CLANG_WARN_INT_CONVERSION = YES;
				CLANG_WARN_NON_LITERAL_NULL_CONVERSION = YES;
				CLANG_WARN_OBJC_IMPLICIT_RETAIN_SELF = YES;
				CLANG_WARN_OBJC_LITERAL_CONVERSION = YES;
				CLANG_WARN_OBJC_ROOT_CLASS = YES_ERROR;
				CLANG_WARN_QUOTED_INCLUDE_IN_FRAMEWORK_HEADER = YES;
				CLANG_WARN_RANGE_LOOP_ANALYSIS = YES;
				CLANG_WARN_STRICT_PROTOTYPES = YES;
				CLANG_WARN_SUSPICIOUS_MOVE = YES;
				CLANG_WARN_UNGUARDED_AVAILABILITY = YES_AGGRESSIVE;
				CLANG_WARN_UNREACHABLE_CODE = YES;
				CLANG_WARN__DUPLICATE_METHOD_MATCH = YES;
				COPY_PHASE_STRIP = NO;
				DEBUG_INFORMATION_FORMAT = dwarf;
				ENABLE_STRICT_OBJC_MSGSEND = YES;
				ENABLE_TESTABILITY = YES;
				GCC_C_LANGUAGE_STANDARD = gnu11;
				GCC_DYNAMIC_NO_PIC = NO;
				GCC_NO_COMMON_BLOCKS = YES;
				GCC_OPTIMIZATION_LEVEL = 0;
				GCC_PREPROCESSOR_DEFINITIONS = (
					"DEBUG=1",
					"$(inherited)",
				);
				GCC_WARN_64_TO_32_BIT_CONVERSION = YES;
				GCC_WARN_ABOUT_RETURN_TYPE = YES_ERROR;
				GCC_WARN_UNDECLARED_SELECTOR = YES;
				GCC_WARN_UNINITIALIZED_AUTOS = YES_AGGRESSIVE;
				GCC_WARN_UNUSED_FUNCTION = YES;
				GCC_WARN_UNUSED_VARIABLE = YES;
				IPHONEOS_DEPLOYMENT_TARGET = 14.0;
				MTL_ENABLE_DEBUG_INFO = INCLUDE_SOURCE;
				MTL_FAST_MATH = YES;
				ONLY_ACTIVE_ARCH = YES;
				SDKROOT = iphoneos;
				SWIFT_ACTIVE_COMPILATION_CONDITIONS = DEBUG;
				SWIFT_OPTIMIZATION_LEVEL = "-Onone";
			};
			name = Debug;
		};
		B522D54F2A7FD382000064D5 /* Release */ = {
			isa = XCBuildConfiguration;
			buildSettings = {
				ALWAYS_SEARCH_USER_PATHS = NO;
				CLANG_ANALYZER_NONNULL = YES;
				CLANG_ANALYZER_NUMBER_OBJECT_CONVERSION = YES_AGGRESSIVE;
				CLANG_CXX_LANGUAGE_STANDARD = "gnu++20";
				CLANG_ENABLE_MODULES = YES;
				CLANG_ENABLE_OBJC_ARC = YES;
				CLANG_ENABLE_OBJC_WEAK = YES;
				CLANG_WARN_BLOCK_CAPTURE_AUTORELEASING = YES;
				CLANG_WARN_BOOL_CONVERSION = YES;
				CLANG_WARN_COMMA = YES;
				CLANG_WARN_CONSTANT_CONVERSION = YES;
				CLANG_WARN_DEPRECATED_OBJC_IMPLEMENTATIONS = YES;
				CLANG_WARN_DIRECT_OBJC_ISA_USAGE = YES_ERROR;
				CLANG_WARN_DOCUMENTATION_COMMENTS = YES;
				CLANG_WARN_EMPTY_BODY = YES;
				CLANG_WARN_ENUM_CONVERSION = YES;
				CLANG_WARN_INFINITE_RECURSION = YES;
				CLANG_WARN_INT_CONVERSION = YES;
				CLANG_WARN_NON_LITERAL_NULL_CONVERSION = YES;
				CLANG_WARN_OBJC_IMPLICIT_RETAIN_SELF = YES;
				CLANG_WARN_OBJC_LITERAL_CONVERSION = YES;
				CLANG_WARN_OBJC_ROOT_CLASS = YES_ERROR;
				CLANG_WARN_QUOTED_INCLUDE_IN_FRAMEWORK_HEADER = YES;
				CLANG_WARN_RANGE_LOOP_ANALYSIS = YES;
				CLANG_WARN_STRICT_PROTOTYPES = YES;
				CLANG_WARN_SUSPICIOUS_MOVE = YES;
				CLANG_WARN_UNGUARDED_AVAILABILITY = YES_AGGRESSIVE;
				CLANG_WARN_UNREACHABLE_CODE = YES;
				CLANG_WARN__DUPLICATE_METHOD_MATCH = YES;
				COPY_PHASE_STRIP = NO;
				DEBUG_INFORMATION_FORMAT = "dwarf-with-dsym";
				ENABLE_NS_ASSERTIONS = NO;
				ENABLE_STRICT_OBJC_MSGSEND = YES;
				GCC_C_LANGUAGE_STANDARD = gnu11;
				GCC_NO_COMMON_BLOCKS = YES;
				GCC_WARN_64_TO_32_BIT_CONVERSION = YES;
				GCC_WARN_ABOUT_RETURN_TYPE = YES_ERROR;
				GCC_WARN_UNDECLARED_SELECTOR = YES;
				GCC_WARN_UNINITIALIZED_AUTOS = YES_AGGRESSIVE;
				GCC_WARN_UNUSED_FUNCTION = YES;
				GCC_WARN_UNUSED_VARIABLE = YES;
				IPHONEOS_DEPLOYMENT_TARGET = 14.0;
				MTL_ENABLE_DEBUG_INFO = NO;
				MTL_FAST_MATH = YES;
				SDKROOT = iphoneos;
				SWIFT_COMPILATION_MODE = wholemodule;
				SWIFT_OPTIMIZATION_LEVEL = "-O";
				VALIDATE_PRODUCT = YES;
			};
			name = Release;
		};
		B522D5512A7FD382000064D5 /* Debug */ = {
			isa = XCBuildConfiguration;
			buildSettings = {
				ASSETCATALOG_COMPILER_APPICON_NAME = AppIcon;
				ASSETCATALOG_COMPILER_GLOBAL_ACCENT_COLOR_NAME = AccentColor;
				CODE_SIGN_STYLE = Automatic;
				CURRENT_PROJECT_VERSION = 1;
				GENERATE_INFOPLIST_FILE = YES;
				INFOPLIST_FILE = StarWars/Info.plist;
				INFOPLIST_KEY_UIApplicationSupportsIndirectInputEvents = YES;
				INFOPLIST_KEY_UILaunchStoryboardName = LaunchScreen;
				INFOPLIST_KEY_UISupportedInterfaceOrientations_iPad = "UIInterfaceOrientationPortrait UIInterfaceOrientationPortraitUpsideDown UIInterfaceOrientationLandscapeLeft UIInterfaceOrientationLandscapeRight";
				INFOPLIST_KEY_UISupportedInterfaceOrientations_iPhone = "UIInterfaceOrientationPortrait UIInterfaceOrientationLandscapeLeft UIInterfaceOrientationLandscapeRight";
				LD_RUNPATH_SEARCH_PATHS = (
					"$(inherited)",
					"@executable_path/Frameworks",
				);
				MARKETING_VERSION = 1.0;
				PRODUCT_BUNDLE_IDENTIFIER = io.github.bcylin.StarWars;
				PRODUCT_NAME = "$(TARGET_NAME)";
				SWIFT_EMIT_LOC_STRINGS = YES;
				SWIFT_VERSION = 5.0;
				TARGETED_DEVICE_FAMILY = "1,2";
			};
			name = Debug;
		};
		B522D5522A7FD382000064D5 /* Release */ = {
			isa = XCBuildConfiguration;
			buildSettings = {
				ASSETCATALOG_COMPILER_APPICON_NAME = AppIcon;
				ASSETCATALOG_COMPILER_GLOBAL_ACCENT_COLOR_NAME = AccentColor;
				CODE_SIGN_STYLE = Automatic;
				CURRENT_PROJECT_VERSION = 1;
				GENERATE_INFOPLIST_FILE = YES;
				INFOPLIST_FILE = StarWars/Info.plist;
				INFOPLIST_KEY_UIApplicationSupportsIndirectInputEvents = YES;
				INFOPLIST_KEY_UILaunchStoryboardName = LaunchScreen;
				INFOPLIST_KEY_UISupportedInterfaceOrientations_iPad = "UIInterfaceOrientationPortrait UIInterfaceOrientationPortraitUpsideDown UIInterfaceOrientationLandscapeLeft UIInterfaceOrientationLandscapeRight";
				INFOPLIST_KEY_UISupportedInterfaceOrientations_iPhone = "UIInterfaceOrientationPortrait UIInterfaceOrientationLandscapeLeft UIInterfaceOrientationLandscapeRight";
				LD_RUNPATH_SEARCH_PATHS = (
					"$(inherited)",
					"@executable_path/Frameworks",
				);
				MARKETING_VERSION = 1.0;
				PRODUCT_BUNDLE_IDENTIFIER = io.github.bcylin.StarWars;
				PRODUCT_NAME = "$(TARGET_NAME)";
				SWIFT_EMIT_LOC_STRINGS = YES;
				SWIFT_VERSION = 5.0;
				TARGETED_DEVICE_FAMILY = "1,2";
			};
			name = Release;
		};
		B522D5542A7FD382000064D5 /* Debug */ = {
			isa = XCBuildConfiguration;
			buildSettings = {
				ALWAYS_EMBED_SWIFT_STANDARD_LIBRARIES = YES;
				BUNDLE_LOADER = "$(TEST_HOST)";
				CLANG_ENABLE_MODULES = YES;
				CODE_SIGN_STYLE = Automatic;
				CURRENT_PROJECT_VERSION = 1;
				GENERATE_INFOPLIST_FILE = YES;
				IPHONEOS_DEPLOYMENT_TARGET = 16.4;
				MARKETING_VERSION = 1.0;
				PRODUCT_BUNDLE_IDENTIFIER = io.github.bcylin.StarWarsTests;
				PRODUCT_NAME = "$(TARGET_NAME)";
				SWIFT_EMIT_LOC_STRINGS = NO;
				SWIFT_OPTIMIZATION_LEVEL = "-Onone";
				SWIFT_VERSION = 5.0;
				TARGETED_DEVICE_FAMILY = "1,2";
				TEST_HOST = "$(BUILT_PRODUCTS_DIR)/StarWars.app/$(BUNDLE_EXECUTABLE_FOLDER_PATH)/StarWars";
			};
			name = Debug;
		};
		B522D5552A7FD382000064D5 /* Release */ = {
			isa = XCBuildConfiguration;
			buildSettings = {
				ALWAYS_EMBED_SWIFT_STANDARD_LIBRARIES = YES;
				BUNDLE_LOADER = "$(TEST_HOST)";
				CLANG_ENABLE_MODULES = YES;
				CODE_SIGN_STYLE = Automatic;
				CURRENT_PROJECT_VERSION = 1;
				GENERATE_INFOPLIST_FILE = YES;
				IPHONEOS_DEPLOYMENT_TARGET = 16.4;
				MARKETING_VERSION = 1.0;
				PRODUCT_BUNDLE_IDENTIFIER = io.github.bcylin.StarWarsTests;
				PRODUCT_NAME = "$(TARGET_NAME)";
				SWIFT_EMIT_LOC_STRINGS = NO;
				SWIFT_VERSION = 5.0;
				TARGETED_DEVICE_FAMILY = "1,2";
				TEST_HOST = "$(BUILT_PRODUCTS_DIR)/StarWars.app/$(BUNDLE_EXECUTABLE_FOLDER_PATH)/StarWars";
			};
			name = Release;
		};
/* End XCBuildConfiguration section */

/* Begin XCConfigurationList section */
		B522D5212A7FD381000064D5 /* Build configuration list for PBXProject "StarWars" */ = {
			isa = XCConfigurationList;
			buildConfigurations = (
				B522D54E2A7FD382000064D5 /* Debug */,
				B522D54F2A7FD382000064D5 /* Release */,
			);
			defaultConfigurationIsVisible = 0;
			defaultConfigurationName = Release;
		};
		B522D5502A7FD382000064D5 /* Build configuration list for PBXNativeTarget "StarWars" */ = {
			isa = XCConfigurationList;
			buildConfigurations = (
				B522D5512A7FD382000064D5 /* Debug */,
				B522D5522A7FD382000064D5 /* Release */,
			);
			defaultConfigurationIsVisible = 0;
			defaultConfigurationName = Release;
		};
		B522D5532A7FD382000064D5 /* Build configuration list for PBXNativeTarget "StarWarsTests" */ = {
			isa = XCConfigurationList;
			buildConfigurations = (
				B522D5542A7FD382000064D5 /* Debug */,
				B522D5552A7FD382000064D5 /* Release */,
			);
			defaultConfigurationIsVisible = 0;
			defaultConfigurationName = Release;
		};
/* End XCConfigurationList section */
	};
	rootObject = B522D51E2A7FD381000064D5 /* Project object */;
}
